
Microsoft Visual Studio Solution File, Format Version 12.00
# Visual Studio 2012
Project("{FAE04EC0-301F-11D3-BF4B-00C04F79EFBC}") = "iOSEventosDemo", "iOSEventosDemo\iOSEventosDemo.csproj", "{1A85B2DC-260A-403E-942B-CD7177A49D9C}"
EndProject
Global
	GlobalSection(SolutionConfigurationPlatforms) = preSolution
		Debug|iPhoneSimulator = Debug|iPhoneSimulator
		Release|iPhone = Release|iPhone
		Release|iPhoneSimulator = Release|iPhoneSimulator
		Debug|iPhone = Debug|iPhone
	EndGlobalSection
	GlobalSection(ProjectConfigurationPlatforms) = postSolution
		{1A85B2DC-260A-403E-942B-CD7177A49D9C}.Debug|iPhoneSimulator.ActiveCfg = Debug|iPhoneSimulator
		{1A85B2DC-260A-403E-942B-CD7177A49D9C}.Debug|iPhoneSimulator.Build.0 = Debug|iPhoneSimulator
		{1A85B2DC-260A-403E-942B-CD7177A49D9C}.Release|iPhone.ActiveCfg = Release|iPhone
		{1A85B2DC-260A-403E-942B-CD7177A49D9C}.Release|iPhone.Build.0 = Release|iPhone
		{1A85B2DC-260A-403E-942B-CD7177A49D9C}.Release|iPhoneSimulator.ActiveCfg = Release|iPhoneSimulator
		{1A85B2DC-260A-403E-942B-CD7177A49D9C}.Release|iPhoneSimulator.Build.0 = Release|iPhoneSimulator
		{1A85B2DC-260A-403E-942B-CD7177A49D9C}.Debug|iPhone.ActiveCfg = Debug|iPhone
		{1A85B2DC-260A-403E-942B-CD7177A49D9C}.Debug|iPhone.Build.0 = Debug|iPhone
	EndGlobalSection
EndGlobal
