
Microsoft Visual Studio Solution File, Format Version 12.00
# Visual Studio 2012
Project("{FAE04EC0-301F-11D3-BF4B-00C04F79EFBC}") = "SampleMultiScreensAppiOS", "SampleMultiScreensAppiOS\SampleMultiScreensAppiOS.csproj", "{D9BC5A92-146F-4DE1-968C-D2EA5F3E8312}"
EndProject
Global
	GlobalSection(SolutionConfigurationPlatforms) = preSolution
		Debug|iPhoneSimulator = Debug|iPhoneSimulator
		Release|iPhone = Release|iPhone
		Release|iPhoneSimulator = Release|iPhoneSimulator
		Debug|iPhone = Debug|iPhone
	EndGlobalSection
	GlobalSection(ProjectConfigurationPlatforms) = postSolution
		{D9BC5A92-146F-4DE1-968C-D2EA5F3E8312}.Debug|iPhoneSimulator.ActiveCfg = Debug|iPhoneSimulator
		{D9BC5A92-146F-4DE1-968C-D2EA5F3E8312}.Debug|iPhoneSimulator.Build.0 = Debug|iPhoneSimulator
		{D9BC5A92-146F-4DE1-968C-D2EA5F3E8312}.Release|iPhone.ActiveCfg = Release|iPhone
		{D9BC5A92-146F-4DE1-968C-D2EA5F3E8312}.Release|iPhone.Build.0 = Release|iPhone
		{D9BC5A92-146F-4DE1-968C-D2EA5F3E8312}.Release|iPhoneSimulator.ActiveCfg = Release|iPhoneSimulator
		{D9BC5A92-146F-4DE1-968C-D2EA5F3E8312}.Release|iPhoneSimulator.Build.0 = Release|iPhoneSimulator
		{D9BC5A92-146F-4DE1-968C-D2EA5F3E8312}.Debug|iPhone.ActiveCfg = Debug|iPhone
		{D9BC5A92-146F-4DE1-968C-D2EA5F3E8312}.Debug|iPhone.Build.0 = Debug|iPhone
	EndGlobalSection
EndGlobal
